PODS:
  - RxCocoa (5.0.1):
    - RxRelay (~> 5)
    - RxSwift (~> 5)
  - RxRelay (5.0.1):
    - RxSwift (~> 5)
  - RxSche (0.0.1):
    - RxCocoa (~> 5.0)
    - RxSwift (~> 5.0)
  - RxSwift (5.0.1)

DEPENDENCIES:
  - RxCocoa
  - RxSche (from `https://github.com/isaac-weisberg/RxSche.git`, branch `master`)
  - RxSwift

SPEC REPOS:
  trunk:
    - RxCocoa
    - RxRelay
    - RxSwift

EXTERNAL SOURCES:
  RxSche:
    :branch: master
    :git: https://github.com/isaac-weisberg/RxSche.git

CHECKOUT OPTIONS:
  RxSche:
    :commit: e338d7cd619218593d672427c81791ffc6c96d0e
    :git: https://github.com/isaac-weisberg/RxSche.git

SPEC CHECKSUMS:
  RxCocoa: e741b9749968e8a143e2b787f1dfbff2b63d0a5c
  RxRelay: 89d54507f4fd4d969e6ec1d4bd7f3673640b4640
  RxSche: 62984651e098cd0f761da9fb05e2d6dde2104c9c
  RxSwift: e2dc62b366a3adf6a0be44ba9f405efd4c94e0c4

PODFILE CHECKSUM: 63fd0074b608a4dffe8b72bc379565a8c3041617

COCOAPODS: 1.8.4
